github.com/coderminer/restful v0.0.0-20180717113732-a4a11b8101ad h1:/5DYIze1O0y3hVSP3c2nwJ51qHFdQTvlJWcFJYJbYUM=
github.com/coderminer/restful v0.0.0-20180717113732-a4a11b8101ad/go.mod h1:ymswac1YLzGc7q+87KKsBiSRnBMU0EnkkgA7+ULwt/Q=
github.com/globalsign/mgo v0.0.0-20181015135952-eeefdecb41b8 h1:DujepqpGd1hyOd7aW59XpK7Qymp8iy83xq74fLr21is=
github.com/globalsign/mgo v0.0.0-20181015135952-eeefdecb41b8/go.mod h1:xkRDCp4j0OGD1HRkm4kmhM+pmpv3AKq5SU7GMg4oO/Q=
github.com/gorilla/mux v1.7.3 h1:gnP5JzjVOuiZD07fKKToCAOjS0yOpj/qPETTXCCS6hw=
github.com/gorilla/mux v1.7.3/go.mod h1:1lud6UwP+6orDFRuTfBEV8e9/aOM/c4fVVCaMa2zaAs=
